// !$*UTF8*$!
{
	archiveVersion = 1;
	classes = {
	};
	objectVersion = 56;
	objects = {

/* Begin PBXBuildFile section */
		EC400BA52BB139C60021BD76 /* dayNightAppApp.swift in Sources */ = {isa = PBXBuildFile; fileRef = EC400BA42BB139C60021BD76 /* dayNightAppApp.swift */; };
		EC400BA72BB139C60021BD76 /* ContentView.swift in Sources */ = {isa = PBXBuildFile; fileRef = EC400BA62BB139C60021BD76 /* ContentView.swift */; };
		EC400BA92BB139C70021BD76 /* Assets.xcassets in Resources */ = {isa = PBXBuildFile; fileRef = EC400BA82BB139C70021BD76 /* Assets.xcassets */; };
		EC400BAC2BB139C70021BD76 /* Preview Assets.xcassets in Resources */ = {isa = PBXBuildFile; fileRef = EC400BAB2BB139C70021BD76 /* Preview Assets.xcassets */; };
		EC400BB62BB139C70021BD76 /* dayNightAppTests.swift in Sources */ = {isa = PBXBuildFile; fileRef = EC400BB52BB139C70021BD76 /* dayNightAppTests.swift */; };
		EC400BC02BB139C70021BD76 /* dayNightAppUITests.swift in Sources */ = {isa = PBXBuildFile; fileRef = EC400BBF2BB139C70021BD76 /* dayNightAppUITests.swift */; };
		EC400BC22BB139C70021BD76 /* dayNightAppUITestsLaunchTests.swift in Sources */ = {isa = PBXBuildFile; fileRef = EC400BC12BB139C70021BD76 /* dayNightAppUITestsLaunchTests.swift */; };
/* End PBXBuildFile section */

/* Begin PBXContainerItemProxy section */
		EC400BB22BB139C70021BD76 /* PBXContainerItemProxy */ = {
			isa = PBXContainerItemProxy;
			containerPortal = EC400B992BB139C60021BD76 /* Project object */;
			proxyType = 1;
			remoteGlobalIDString = EC400BA02BB139C60021BD76;
			remoteInfo = dayNightApp;
		};
		EC400BBC2BB139C70021BD76 /* PBXContainerItemProxy */ = {
			isa = PBXContainerItemProxy;
			containerPortal = EC400B992BB139C60021BD76 /* Project object */;
			proxyType = 1;
			remoteGlobalIDString = EC400BA02BB139C60021BD76;
			remoteInfo = dayNightApp;
		};
/* End PBXContainerItemProxy section */

/* Begin PBXFileReference section */
		EC400BA12BB139C60021BD76 /* dayNightApp.app */ = {isa = PBXFileReference; explicitFileType = wrapper.application; includeInIndex = 0; path = dayNightApp.app; sourceTree = BUILT_PRODUCTS_DIR; };
		EC400BA42BB139C60021BD76 /* dayNightAppApp.swift */ = {isa = PBXFileReference; lastKnownFileType = sourcecode.swift; path = dayNightAppApp.swift; sourceTree = "<group>"; };
		EC400BA62BB139C60021BD76 /* ContentView.swift */ = {isa = PBXFileReference; lastKnownFileType = sourcecode.swift; path = ContentView.swift; sourceTree = "<group>"; };
		EC400BA82BB139C70021BD76 /* Assets.xcassets */ = {isa = PBXFileReference; lastKnownFileType = folder.assetcatalog; path = Assets.xcassets; sourceTree = "<group>"; };
		EC400BAB2BB139C70021BD76 /* Preview Assets.xcassets */ = {isa = PBXFileReference; lastKnownFileType = folder.assetcatalog; path = "Preview Assets.xcassets"; sourceTree = "<group>"; };
		EC400BB12BB139C70021BD76 /* dayNightAppTests.xctest */ = {isa = PBXFileReference; explicitFileType = wrapper.cfbundle; includeInIndex = 0; path = dayNightAppTests.xctest; sourceTree = BUILT_PRODUCTS_DIR; };
		EC400BB52BB139C70021BD76 /* dayNightAppTests.swift */ = {isa = PBXFileReference; lastKnownFileType = sourcecode.swift; path = dayNightAppTests.swift; sourceTree = "<group>"; };
		EC400BBB2BB139C70021BD76 /* dayNightAppUITests.xctest */ = {isa = PBXFileReference; explicitFileType = wrapper.cfbundle; includeInIndex = 0; path = dayNightAppUITests.xctest; sourceTree = BUILT_PRODUCTS_DIR; };
		EC400BBF2BB139C70021BD76 /* dayNightAppUITests.swift */ = {isa = PBXFileReference; lastKnownFileType = sourcecode.swift; path = dayNightAppUITests.swift; sourceTree = "<group>"; };
		EC400BC12BB139C70021BD76 /* dayNightAppUITestsLaunchTests.swift */ = {isa = PBXFileReference; lastKnownFileType = sourcecode.swift; path = dayNightAppUITestsLaunchTests.swift; sourceTree = "<group>"; };
/* End PBXFileReference section */

/* Begin PBXFrameworksBuildPhase section */
		EC400B9E2BB139C60021BD76 /* Frameworks */ = {
			isa = PBXFrameworksBuildPhase;
			buildActionMask = 2147483647;
			files = (
			);
			runOnlyForDeploymentPostprocessing = 0;
		};
		EC400BAE2BB139C70021BD76 /* Frameworks */ = {
			isa = PBXFrameworksBuildPhase;
			buildActionMask = 2147483647;
			files = (
			);
			runOnlyForDeploymentPostprocessing = 0;
		};
		EC400BB82BB139C70021BD76 /* Frameworks */ = {
			isa = PBXFrameworksBuildPhase;
			buildActionMask = 2147483647;
			files = (
			);
			runOnlyForDeploymentPostprocessing = 0;
		};
/* End PBXFrameworksBuildPhase section */

/* Begin PBXGroup section */
		EC400B982BB139C60021BD76 = {
			isa = PBXGroup;
			children = (
				EC400BA32BB139C60021BD76 /* dayNightApp */,
				EC400BB42BB139C70021BD76 /* dayNightAppTests */,
				EC400BBE2BB139C70021BD76 /* dayNightAppUITests */,
				EC400BA22BB139C60021BD76 /* Products */,
			);
			sourceTree = "<group>";
		};
		EC400BA22BB139C60021BD76 /* Products */ = {
			isa = PBXGroup;
			children = (
				EC400BA12BB139C60021BD76 /* dayNightApp.app */,
				EC400BB12BB139C70021BD76 /* dayNightAppTests.xctest */,
				EC400BBB2BB139C70021BD76 /* dayNightAppUITests.xctest */,
			);
			name = Products;
			sourceTree = "<group>";
		};
		EC400BA32BB139C60021BD76 /* dayNightApp */ = {
			isa = PBXGroup;
			children = (
				EC400BA42BB139C60021BD76 /* dayNightAppApp.swift */,
				EC400BA62BB139C60021BD76 /* ContentView.swift */,
				EC400BA82BB139C70021BD76 /* Assets.xcassets */,
				EC400BAA2BB139C70021BD76 /* Preview Content */,
			);
			path = dayNightApp;
			sourceTree = "<group>";
		};
		EC400BAA2BB139C70021BD76 /* Preview Content */ = {
			isa = PBXGroup;
			children = (
				EC400BAB2BB139C70021BD76 /* Preview Assets.xcassets */,
			);
			path = "Preview Content";
			sourceTree = "<group>";
		};
		EC400BB42BB139C70021BD76 /* dayNightAppTests */ = {
			isa = PBXGroup;
			children = (
				EC400BB52BB139C70021BD76 /* dayNightAppTests.swift */,
			);
			path = dayNightAppTests;
			sourceTree = "<group>";
		};
		EC400BBE2BB139C70021BD76 /* dayNightAppUITests */ = {
			isa = PBXGroup;
			children = (
				EC400BBF2BB139C70021BD76 /* dayNightAppUITests.swift */,
				EC400BC12BB139C70021BD76 /* dayNightAppUITestsLaunchTests.swift */,
			);
			path = dayNightAppUITests;
			sourceTree = "<group>";
		};
/* End PBXGroup section */

/* Begin PBXNativeTarget section */
		EC400BA02BB139C60021BD76 /* dayNightApp */ = {
			isa = PBXNativeTarget;
			buildConfigurationList = EC400BC52BB139C70021BD76 /* Build configuration list for PBXNativeTarget "dayNightApp" */;
			buildPhases = (
				EC400B9D2BB139C60021BD76 /* Sources */,
				EC400B9E2BB139C60021BD76 /* Frameworks */,
				EC400B9F2BB139C60021BD76 /* Resources */,
			);
			buildRules = (
			);
			dependencies = (
			);
			name = dayNightApp;
			productName = dayNightApp;
			productReference = EC400BA12BB139C60021BD76 /* dayNightApp.app */;
			productType = "com.apple.product-type.application";
		};
		EC400BB02BB139C70021BD76 /* dayNightAppTests */ = {
			isa = PBXNativeTarget;
			buildConfigurationList = EC400BC82BB139C70021BD76 /* Build configuration list for PBXNativeTarget "dayNightAppTests" */;
			buildPhases = (
				EC400BAD2BB139C70021BD76 /* Sources */,
				EC400BAE2BB139C70021BD76 /* Frameworks */,
				EC400BAF2BB139C70021BD76 /* Resources */,
			);
			buildRules = (
			);
			dependencies = (
				EC400BB32BB139C70021BD76 /* PBXTargetDependency */,
			);
			name = dayNightAppTests;
			productName = dayNightAppTests;
			productReference = EC400BB12BB139C70021BD76 /* dayNightAppTests.xctest */;
			productType = "com.apple.product-type.bundle.unit-test";
		};
		EC400BBA2BB139C70021BD76 /* dayNightAppUITests */ = {
			isa = PBXNativeTarget;
			buildConfigurationList = EC400BCB2BB139C70021BD76 /* Build configuration list for PBXNativeTarget "dayNightAppUITests" */;
			buildPhases = (
				EC400BB72BB139C70021BD76 /* Sources */,
				EC400BB82BB139C70021BD76 /* Frameworks */,
				EC400BB92BB139C70021BD76 /* Resources */,
			);
			buildRules = (
			);
			dependencies = (
				EC400BBD2BB139C70021BD76 /* PBXTargetDependency */,
			);
			name = dayNightAppUITests;
			productName = dayNightAppUITests;
			productReference = EC400BBB2BB139C70021BD76 /* dayNightAppUITests.xctest */;
			productType = "com.apple.product-type.bundle.ui-testing";
		};
/* End PBXNativeTarget section */

/* Begin PBXProject section */
		EC400B992BB139C60021BD76 /* Project object */ = {
			isa = PBXProject;
			attributes = {
				BuildIndependentTargetsInParallel = 1;
				LastSwiftUpdateCheck = 1520;
				LastUpgradeCheck = 1520;
				TargetAttributes = {
					EC400BA02BB139C60021BD76 = {
						CreatedOnToolsVersion = 15.2;
					};
					EC400BB02BB139C70021BD76 = {
						CreatedOnToolsVersion = 15.2;
						TestTargetID = EC400BA02BB139C60021BD76;
					};
					EC400BBA2BB139C70021BD76 = {
						CreatedOnToolsVersion = 15.2;
						TestTargetID = EC400BA02BB139C60021BD76;
					};
				};
			};
			buildConfigurationList = EC400B9C2BB139C60021BD76 /* Build configuration list for PBXProject "dayNightApp" */;
			compatibilityVersion = "Xcode 14.0";
			developmentRegion = en;
			hasScannedForEncodings = 0;
			knownRegions = (
				en,
				Base,
			);
			mainGroup = EC400B982BB139C60021BD76;
			productRefGroup = EC400BA22BB139C60021BD76 /* Products */;
			projectDirPath = "";
			projectRoot = "";
			targets = (
				EC400BA02BB139C60021BD76 /* dayNightApp */,
				EC400BB02BB139C70021BD76 /* dayNightAppTests */,
				EC400BBA2BB139C70021BD76 /* dayNightAppUITests */,
			);
		};
/* End PBXProject section */

/* Begin PBXResourcesBuildPhase section */
		EC400B9F2BB139C60021BD76 /* Resources */ = {
			isa = PBXResourcesBuildPhase;
			buildActionMask = 2147483647;
			files = (
				EC400BAC2BB139C70021BD76 /* Preview Assets.xcassets in Resources */,
				EC400BA92BB139C70021BD76 /* Assets.xcassets in Resources */,
			);
			runOnlyForDeploymentPostprocessing = 0;
		};
		EC400BAF2BB139C70021BD76 /* Resources */ = {
			isa = PBXResourcesBuildPhase;
			buildActionMask = 2147483647;
			files = (
			);
			runOnlyForDeploymentPostprocessing = 0;
		};
		EC400BB92BB139C70021BD76 /* Resources */ = {
			isa = PBXResourcesBuildPhase;
			buildActionMask = 2147483647;
			files = (
			);
			runOnlyForDeploymentPostprocessing = 0;
		};
/* End PBXResourcesBuildPhase section */

/* Begin PBXSourcesBuildPhase section */
		EC400B9D2BB139C60021BD76 /* Sources */ = {
			isa = PBXSourcesBuildPhase;
			buildActionMask = 2147483647;
			files = (
				EC400BA72BB139C60021BD76 /* ContentView.swift in Sources */,
				EC400BA52BB139C60021BD76 /* dayNightAppApp.swift in Sources */,
			);
			runOnlyForDeploymentPostprocessing = 0;
		};
		EC400BAD2BB139C70021BD76 /* Sources */ = {
			isa = PBXSourcesBuildPhase;
			buildActionMask = 2147483647;
			files = (
				EC400BB62BB139C70021BD76 /* dayNightAppTests.swift in Sources */,
			);
			runOnlyForDeploymentPostprocessing = 0;
		};
		EC400BB72BB139C70021BD76 /* Sources */ = {
			isa = PBXSourcesBuildPhase;
			buildActionMask = 2147483647;
			files = (
				EC400BC22BB139C70021BD76 /* dayNightAppUITestsLaunchTests.swift in Sources */,
				EC400BC02BB139C70021BD76 /* dayNightAppUITests.swift in Sources */,
			);
			runOnlyForDeploymentPostprocessing = 0;
		};
/* End PBXSourcesBuildPhase section */

/* Begin PBXTargetDependency section */
		EC400BB32BB139C70021BD76 /* PBXTargetDependency */ = {
			isa = PBXTargetDependency;
			target = EC400BA02BB139C60021BD76 /* dayNightApp */;
			targetProxy = EC400BB22BB139C70021BD76 /* PBXContainerItemProxy */;
		};
		EC400BBD2BB139C70021BD76 /* PBXTargetDependency */ = {
			isa = PBXTargetDependency;
			target = EC400BA02BB139C60021BD76 /* dayNightApp */;
			targetProxy = EC400BBC2BB139C70021BD76 /* PBXContainerItemProxy */;
		};
/* End PBXTargetDependency section */

/* Begin XCBuildConfiguration section */
		EC400BC32BB139C70021BD76 /* Debug */ = {
			isa = XCBuildConfiguration;
			buildSettings = {
				ALWAYS_SEARCH_USER_PATHS = NO;
				ASSETCATALOG_COMPILER_GENERATE_SWIFT_ASSET_SYMBOL_EXTENSIONS = YES;
				CLANG_ANALYZER_NONNULL = YES;
				CLANG_ANALYZER_NUMBER_OBJECT_CONVERSION = YES_AGGRESSIVE;
				CLANG_CXX_LANGUAGE_STANDARD = "gnu++20";
				CLANG_ENABLE_MODULES = YES;
				CLANG_ENABLE_OBJC_ARC = YES;
				CLANG_ENABLE_OBJC_WEAK = YES;
				CLANG_WARN_BLOCK_CAPTURE_AUTORELEASING = YES;
				CLANG_WARN_BOOL_CONVERSION = YES;
				CLANG_WARN_COMMA = YES;
				CLANG_WARN_CONSTANT_CONVERSION = YES;
				CLANG_WARN_DEPRECATED_OBJC_IMPLEMENTATIONS = YES;
				CLANG_WARN_DIRECT_OBJC_ISA_USAGE = YES_ERROR;
				CLANG_WARN_DOCUMENTATION_COMMENTS = YES;
				CLANG_WARN_EMPTY_BODY = YES;
				CLANG_WARN_ENUM_CONVERSION = YES;
				CLANG_WARN_INFINITE_RECURSION = YES;
				CLANG_WARN_INT_CONVERSION = YES;
				CLANG_WARN_NON_LITERAL_NULL_CONVERSION = YES;
				CLANG_WARN_OBJC_IMPLICIT_RETAIN_SELF = YES;
				CLANG_WARN_OBJC_LITERAL_CONVERSION = YES;
				CLANG_WARN_OBJC_ROOT_CLASS = YES_ERROR;
				CLANG_WARN_QUOTED_INCLUDE_IN_FRAMEWORK_HEADER = YES;
				CLANG_WARN_RANGE_LOOP_ANALYSIS = YES;
				CLANG_WARN_STRICT_PROTOTYPES = YES;
				CLANG_WARN_SUSPICIOUS_MOVE = YES;
				CLANG_WARN_UNGUARDED_AVAILABILITY = YES_AGGRESSIVE;
				CLANG_WARN_UNREACHABLE_CODE = YES;
				CLANG_WARN__DUPLICATE_METHOD_MATCH = YES;
				COPY_PHASE_STRIP = NO;
				DEBUG_INFORMATION_FORMAT = dwarf;
				ENABLE_STRICT_OBJC_MSGSEND = YES;
				ENABLE_TESTABILITY = YES;
				ENABLE_USER_SCRIPT_SANDBOXING = YES;
				GCC_C_LANGUAGE_STANDARD = gnu17;
				GCC_DYNAMIC_NO_PIC = NO;
				GCC_NO_COMMON_BLOCKS = YES;
				GCC_OPTIMIZATION_LEVEL = 0;
				GCC_PREPROCESSOR_DEFINITIONS = (
					"DEBUG=1",
					"$(inherited)",
				);
				GCC_WARN_64_TO_32_BIT_CONVERSION = YES;
				GCC_WARN_ABOUT_RETURN_TYPE = YES_ERROR;
				GCC_WARN_UNDECLARED_SELECTOR = YES;
				GCC_WARN_UNINITIALIZED_AUTOS = YES_AGGRESSIVE;
				GCC_WARN_UNUSED_FUNCTION = YES;
				GCC_WARN_UNUSED_VARIABLE = YES;
				IPHONEOS_DEPLOYMENT_TARGET = 17.2;
				LOCALIZATION_PREFERS_STRING_CATALOGS = YES;
				MTL_ENABLE_DEBUG_INFO = INCLUDE_SOURCE;
				MTL_FAST_MATH = YES;
				ONLY_ACTIVE_ARCH = YES;
				SDKROOT = iphoneos;
				SWIFT_ACTIVE_COMPILATION_CONDITIONS = "DEBUG $(inherited)";
				SWIFT_OPTIMIZATION_LEVEL = "-Onone";
			};
			name = Debug;
		};
		EC400BC42BB139C70021BD76 /* Release */ = {
			isa = XCBuildConfiguration;
			buildSettings = {
				ALWAYS_SEARCH_USER_PATHS = NO;
				ASSETCATALOG_COMPILER_GENERATE_SWIFT_ASSET_SYMBOL_EXTENSIONS = YES;
				CLANG_ANALYZER_NONNULL = YES;
				CLANG_ANALYZER_NUMBER_OBJECT_CONVERSION = YES_AGGRESSIVE;
				CLANG_CXX_LANGUAGE_STANDARD = "gnu++20";
				CLANG_ENABLE_MODULES = YES;
				CLANG_ENABLE_OBJC_ARC = YES;
				CLANG_ENABLE_OBJC_WEAK = YES;
				CLANG_WARN_BLOCK_CAPTURE_AUTORELEASING = YES;
				CLANG_WARN_BOOL_CONVERSION = YES;
				CLANG_WARN_COMMA = YES;
				CLANG_WARN_CONSTANT_CONVERSION = YES;
				CLANG_WARN_DEPRECATED_OBJC_IMPLEMENTATIONS = YES;
				CLANG_WARN_DIRECT_OBJC_ISA_USAGE = YES_ERROR;
				CLANG_WARN_DOCUMENTATION_COMMENTS = YES;
				CLANG_WARN_EMPTY_BODY = YES;
				CLANG_WARN_ENUM_CONVERSION = YES;
				CLANG_WARN_INFINITE_RECURSION = YES;
				CLANG_WARN_INT_CONVERSION = YES;
				CLANG_WARN_NON_LITERAL_NULL_CONVERSION = YES;
				CLANG_WARN_OBJC_IMPLICIT_RETAIN_SELF = YES;
				CLANG_WARN_OBJC_LITERAL_CONVERSION = YES;
				CLANG_WARN_OBJC_ROOT_CLASS = YES_ERROR;
				CLANG_WARN_QUOTED_INCLUDE_IN_FRAMEWORK_HEADER = YES;
				CLANG_WARN_RANGE_LOOP_ANALYSIS = YES;
				CLANG_WARN_STRICT_PROTOTYPES = YES;
				CLANG_WARN_SUSPICIOUS_MOVE = YES;
				CLANG_WARN_UNGUARDED_AVAILABILITY = YES_AGGRESSIVE;
				CLANG_WARN_UNREACHABLE_CODE = YES;
				CLANG_WARN__DUPLICATE_METHOD_MATCH = YES;
				COPY_PHASE_STRIP = NO;
				DEBUG_INFORMATION_FORMAT = "dwarf-with-dsym";
				ENABLE_NS_ASSERTIONS = NO;
				ENABLE_STRICT_OBJC_MSGSEND = YES;
				ENABLE_USER_SCRIPT_SANDBOXING = YES;
				GCC_C_LANGUAGE_STANDARD = gnu17;
				GCC_NO_COMMON_BLOCKS = YES;
				GCC_WARN_64_TO_32_BIT_CONVERSION = YES;
				GCC_WARN_ABOUT_RETURN_TYPE = YES_ERROR;
				GCC_WARN_UNDECLARED_SELECTOR = YES;
				GCC_WARN_UNINITIALIZED_AUTOS = YES_AGGRESSIVE;
				GCC_WARN_UNUSED_FUNCTION = YES;
				GCC_WARN_UNUSED_VARIABLE = YES;
				IPHONEOS_DEPLOYMENT_TARGET = 17.2;
				LOCALIZATION_PREFERS_STRING_CATALOGS = YES;
				MTL_ENABLE_DEBUG_INFO = NO;
				MTL_FAST_MATH = YES;
				SDKROOT = iphoneos;
				SWIFT_COMPILATION_MODE = wholemodule;
				VALIDATE_PRODUCT = YES;
			};
			name = Release;
		};
		EC400BC62BB139C70021BD76 /* Debug */ = {
			isa = XCBuildConfiguration;
			buildSettings = {
				ASSETCATALOG_COMPILER_APPICON_NAME = AppIcon;
				ASSETCATALOG_COMPILER_GLOBAL_ACCENT_COLOR_NAME = AccentColor;
				CODE_SIGN_STYLE = Automatic;
				CURRENT_PROJECT_VERSION = 1;
				DEVELOPMENT_ASSET_PATHS = "\"dayNightApp/Preview Content\"";
				ENABLE_PREVIEWS = YES;
				GENERATE_INFOPLIST_FILE = YES;
				INFOPLIST_KEY_UIApplicationSceneManifest_Generation = YES;
				INFOPLIST_KEY_UIApplicationSupportsIndirectInputEvents = YES;
				INFOPLIST_KEY_UILaunchScreen_Generation = YES;
				INFOPLIST_KEY_UISupportedInterfaceOrientations_iPad = "UIInterfaceOrientationPortrait UIInterfaceOrientationPortraitUpsideDown UIInterfaceOrientationLandscapeLeft UIInterfaceOrientationLandscapeRight";
				INFOPLIST_KEY_UISupportedInterfaceOrientations_iPhone = "UIInterfaceOrientationPortrait UIInterfaceOrientationLandscapeLeft UIInterfaceOrientationLandscapeRight";
				LD_RUNPATH_SEARCH_PATHS = (
					"$(inherited)",
					"@executable_path/Frameworks",
				);
				MARKETING_VERSION = 1.0;
				PRODUCT_BUNDLE_IDENTIFIER = sham.dayNightApp;
				PRODUCT_NAME = "$(TARGET_NAME)";
				SWIFT_EMIT_LOC_STRINGS = YES;
				SWIFT_VERSION = 5.0;
				TARGETED_DEVICE_FAMILY = "1,2";
			};
			name = Debug;
		};
		EC400BC72BB139C70021BD76 /* Release */ = {
			isa = XCBuildConfiguration;
			buildSettings = {
				ASSETCATALOG_COMPILER_APPICON_NAME = AppIcon;
				ASSETCATALOG_COMPILER_GLOBAL_ACCENT_COLOR_NAME = AccentColor;
				CODE_SIGN_STYLE = Automatic;
				CURRENT_PROJECT_VERSION = 1;
				DEVELOPMENT_ASSET_PATHS = "\"dayNightApp/Preview Content\"";
				ENABLE_PREVIEWS = YES;
				GENERATE_INFOPLIST_FILE = YES;
				INFOPLIST_KEY_UIApplicationSceneManifest_Generation = YES;
				INFOPLIST_KEY_UIApplicationSupportsIndirectInputEvents = YES;
				INFOPLIST_KEY_UILaunchScreen_Generation = YES;
				INFOPLIST_KEY_UISupportedInterfaceOrientations_iPad = "UIInterfaceOrientationPortrait UIInterfaceOrientationPortraitUpsideDown UIInterfaceOrientationLandscapeLeft UIInterfaceOrientationLandscapeRight";
				INFOPLIST_KEY_UISupportedInterfaceOrientations_iPhone = "UIInterfaceOrientationPortrait UIInterfaceOrientationLandscapeLeft UIInterfaceOrientationLandscapeRight";
				LD_RUNPATH_SEARCH_PATHS = (
					"$(inherited)",
					"@executable_path/Frameworks",
				);
				MARKETING_VERSION = 1.0;
				PRODUCT_BUNDLE_IDENTIFIER = sham.dayNightApp;
				PRODUCT_NAME = "$(TARGET_NAME)";
				SWIFT_EMIT_LOC_STRINGS = YES;
				SWIFT_VERSION = 5.0;
				TARGETED_DEVICE_FAMILY = "1,2";
			};
			name = Release;
		};
		EC400BC92BB139C70021BD76 /* Debug */ = {
			isa = XCBuildConfiguration;
			buildSettings = {
				ALWAYS_EMBED_SWIFT_STANDARD_LIBRARIES = YES;
				BUNDLE_LOADER = "$(TEST_HOST)";
				CODE_SIGN_STYLE = Automatic;
				CURRENT_PROJECT_VERSION = 1;
				GENERATE_INFOPLIST_FILE = YES;
				IPHONEOS_DEPLOYMENT_TARGET = 17.2;
				MARKETING_VERSION = 1.0;
				PRODUCT_BUNDLE_IDENTIFIER = sham.dayNightAppTests;
				PRODUCT_NAME = "$(TARGET_NAME)";
				SWIFT_EMIT_LOC_STRINGS = NO;
				SWIFT_VERSION = 5.0;
				TARGETED_DEVICE_FAMILY = "1,2";
				TEST_HOST = "$(BUILT_PRODUCTS_DIR)/dayNightApp.app/$(BUNDLE_EXECUTABLE_FOLDER_PATH)/dayNightApp";
			};
			name = Debug;
		};
		EC400BCA2BB139C70021BD76 /* Release */ = {
			isa = XCBuildConfiguration;
			buildSettings = {
				ALWAYS_EMBED_SWIFT_STANDARD_LIBRARIES = YES;
				BUNDLE_LOADER = "$(TEST_HOST)";
				CODE_SIGN_STYLE = Automatic;
				CURRENT_PROJECT_VERSION = 1;
				GENERATE_INFOPLIST_FILE = YES;
				IPHONEOS_DEPLOYMENT_TARGET = 17.2;
				MARKETING_VERSION = 1.0;
				PRODUCT_BUNDLE_IDENTIFIER = sham.dayNightAppTests;
				PRODUCT_NAME = "$(TARGET_NAME)";
				SWIFT_EMIT_LOC_STRINGS = NO;
				SWIFT_VERSION = 5.0;
				TARGETED_DEVICE_FAMILY = "1,2";
				TEST_HOST = "$(BUILT_PRODUCTS_DIR)/dayNightApp.app/$(BUNDLE_EXECUTABLE_FOLDER_PATH)/dayNightApp";
			};
			name = Release;
		};
		EC400BCC2BB139C70021BD76 /* Debug */ = {
			isa = XCBuildConfiguration;
			buildSettings = {
				ALWAYS_EMBED_SWIFT_STANDARD_LIBRARIES = YES;
				CODE_SIGN_STYLE = Automatic;
				CURRENT_PROJECT_VERSION = 1;
				GENERATE_INFOPLIST_FILE = YES;
				MARKETING_VERSION = 1.0;
				PRODUCT_BUNDLE_IDENTIFIER = sham.dayNightAppUITests;
				PRODUCT_NAME = "$(TARGET_NAME)";
				SWIFT_EMIT_LOC_STRINGS = NO;
				SWIFT_VERSION = 5.0;
				TARGETED_DEVICE_FAMILY = "1,2";
				TEST_TARGET_NAME = dayNightApp;
			};
			name = Debug;
		};
		EC400BCD2BB139C70021BD76 /* Release */ = {
			isa = XCBuildConfiguration;
			buildSettings = {
				ALWAYS_EMBED_SWIFT_STANDARD_LIBRARIES = YES;
				CODE_SIGN_STYLE = Automatic;
				CURRENT_PROJECT_VERSION = 1;
				GENERATE_INFOPLIST_FILE = YES;
				MARKETING_VERSION = 1.0;
				PRODUCT_BUNDLE_IDENTIFIER = sham.dayNightAppUITests;
				PRODUCT_NAME = "$(TARGET_NAME)";
				SWIFT_EMIT_LOC_STRINGS = NO;
				SWIFT_VERSION = 5.0;
				TARGETED_DEVICE_FAMILY = "1,2";
				TEST_TARGET_NAME = dayNightApp;
			};
			name = Release;
		};
/* End XCBuildConfiguration section */

/* Begin XCConfigurationList section */
		EC400B9C2BB139C60021BD76 /* Build configuration list for PBXProject "dayNightApp" */ = {
			isa = XCConfigurationList;
			buildConfigurations = (
				EC400BC32BB139C70021BD76 /* Debug */,
				EC400BC42BB139C70021BD76 /* Release */,
			);
			defaultConfigurationIsVisible = 0;
			defaultConfigurationName = Release;
		};
		EC400BC52BB139C70021BD76 /* Build configuration list for PBXNativeTarget "dayNightApp" */ = {
			isa = XCConfigurationList;
			buildConfigurations = (
				EC400BC62BB139C70021BD76 /* Debug */,
				EC400BC72BB139C70021BD76 /* Release */,
			);
			defaultConfigurationIsVisible = 0;
			defaultConfigurationName = Release;
		};
		EC400BC82BB139C70021BD76 /* Build configuration list for PBXNativeTarget "dayNightAppTests" */ = {
			isa = XCConfigurationList;
			buildConfigurations = (
				EC400BC92BB139C70021BD76 /* Debug */,
				EC400BCA2BB139C70021BD76 /* Release */,
			);
			defaultConfigurationIsVisible = 0;
			defaultConfigurationName = Release;
		};
		EC400BCB2BB139C70021BD76 /* Build configuration list for PBXNativeTarget "dayNightAppUITests" */ = {
			isa = XCConfigurationList;
			buildConfigurations = (
				EC400BCC2BB139C70021BD76 /* Debug */,
				EC400BCD2BB139C70021BD76 /* Release */,
			);
			defaultConfigurationIsVisible = 0;
			defaultConfigurationName = Release;
		};
/* End XCConfigurationList section */
	};
	rootObject = EC400B992BB139C60021BD76 /* Project object */;
}
